
Microsoft Visual Studio Solution File, Format Version 12.00
# Visual Studio Version 16
VisualStudioVersion = 16.0.31515.178
MinimumVisualStudioVersion = 10.0.40219.1
Project("{FAE04EC0-301F-11D3-BF4B-00C04F79EFBC}") = "Tetris", "Tetris\Tetris.csproj", "{AE0CDB58-8F76-4E08-A2F4-523B10B38942}"
EndProject
Global
	GlobalSection(SolutionConfigurationPlatforms) = preSolution
		Debug|Any CPU = Debug|Any CPU
		Release|Any CPU = Release|Any CPU
	EndGlobalSection
	GlobalSection(ProjectConfigurationPlatforms) = postSolution
		{AE0CDB58-8F76-4E08-A2F4-523B10B38942}.Debug|Any CPU.ActiveCfg = Debug|Any CPU
		{AE0CDB58-8F76-4E08-A2F4-523B10B38942}.Debug|Any CPU.Build.0 = Debug|Any CPU
		{AE0CDB58-8F76-4E08-A2F4-523B10B38942}.Release|Any CPU.ActiveCfg = Release|Any CPU
		{AE0CDB58-8F76-4E08-A2F4-523B10B38942}.Release|Any CPU.Build.0 = Release|Any CPU
	EndGlobalSection
	GlobalSection(SolutionProperties) = preSolution
		HideSolutionNode = FALSE
	EndGlobalSection
	GlobalSection(ExtensibilityGlobals) = postSolution
		SolutionGuid = {273ED26A-9B3B-40F3-80F8-FAC39230218A}
	EndGlobalSection
EndGlobal
